
Microsoft Visual Studio Solution File, Format Version 12.00
# Visual Studio 15
VisualStudioVersion = 15.0.27004.2008
MinimumVisualStudioVersion = 10.0.40219.1
Project("{8BC9CEB8-8B4A-11D0-8D11-00A0C91BC942}") = "Labs1", "OpenMpLabs\OpenMpLabs.vcxproj", "{363B79A0-15A4-40AB-B512-9F13C15357EE}"
EndProject
Project("{8BC9CEB8-8B4A-11D0-8D11-00A0C91BC942}") = "Labs2", "Labs2\Labs2.vcxproj", "{C6263A62-5C0F-4AEE-AE30-6565DF4E884F}"
EndProject
Project("{8BC9CEB8-8B4A-11D0-8D11-00A0C91BC942}") = "Labs3", "Labs3\Labs3.vcxproj", "{A10A46E4-D9C1-432B-A64C-E82D3400D50B}"
EndProject
Project("{8BC9CEB8-8B4A-11D0-8D11-00A0C91BC942}") = "Labs4", "Labs4\Labs4.vcxproj", "{B1917B04-8DCE-4A08-966D-729E362572ED}"
EndProject
Project("{8BC9CEB8-8B4A-11D0-8D11-00A0C91BC942}") = "Labs5", "lab5\lab5.vcxproj", "{D9A032EE-970B-42C1-9C31-0E9B6A6BF556}"
EndProject
Project("{8BC9CEB8-8B4A-11D0-8D11-00A0C91BC942}") = "Labs6", "Labs6\Labs6.vcxproj", "{EE81B0B4-007A-4B89-95F2-C305473F4EEC}"
EndProject
Global
	GlobalSection(SolutionConfigurationPlatforms) = preSolution
		Debug|x64 = Debug|x64
		Debug|x86 = Debug|x86
		Release|x64 = Release|x64
		Release|x86 = Release|x86
	EndGlobalSection
	GlobalSection(ProjectConfigurationPlatforms) = postSolution
		{363B79A0-15A4-40AB-B512-9F13C15357EE}.Debug|x64.ActiveCfg = Debug|x64
		{363B79A0-15A4-40AB-B512-9F13C15357EE}.Debug|x64.Build.0 = Debug|x64
		{363B79A0-15A4-40AB-B512-9F13C15357EE}.Debug|x86.ActiveCfg = Debug|Win32
		{363B79A0-15A4-40AB-B512-9F13C15357EE}.Debug|x86.Build.0 = Debug|Win32
		{363B79A0-15A4-40AB-B512-9F13C15357EE}.Release|x64.ActiveCfg = Release|x64
		{363B79A0-15A4-40AB-B512-9F13C15357EE}.Release|x64.Build.0 = Release|x64
		{363B79A0-15A4-40AB-B512-9F13C15357EE}.Release|x86.ActiveCfg = Release|Win32
		{363B79A0-15A4-40AB-B512-9F13C15357EE}.Release|x86.Build.0 = Release|Win32
		{C6263A62-5C0F-4AEE-AE30-6565DF4E884F}.Debug|x64.ActiveCfg = Debug|x64
		{C6263A62-5C0F-4AEE-AE30-6565DF4E884F}.Debug|x64.Build.0 = Debug|x64
		{C6263A62-5C0F-4AEE-AE30-6565DF4E884F}.Debug|x86.ActiveCfg = Debug|Win32
		{C6263A62-5C0F-4AEE-AE30-6565DF4E884F}.Debug|x86.Build.0 = Debug|Win32
		{C6263A62-5C0F-4AEE-AE30-6565DF4E884F}.Release|x64.ActiveCfg = Release|x64
		{C6263A62-5C0F-4AEE-AE30-6565DF4E884F}.Release|x64.Build.0 = Release|x64
		{C6263A62-5C0F-4AEE-AE30-6565DF4E884F}.Release|x86.ActiveCfg = Release|Win32
		{C6263A62-5C0F-4AEE-AE30-6565DF4E884F}.Release|x86.Build.0 = Release|Win32
		{A10A46E4-D9C1-432B-A64C-E82D3400D50B}.Debug|x64.ActiveCfg = Debug|x64
		{A10A46E4-D9C1-432B-A64C-E82D3400D50B}.Debug|x64.Build.0 = Debug|x64
		{A10A46E4-D9C1-432B-A64C-E82D3400D50B}.Debug|x86.ActiveCfg = Debug|Win32
		{A10A46E4-D9C1-432B-A64C-E82D3400D50B}.Debug|x86.Build.0 = Debug|Win32
		{A10A46E4-D9C1-432B-A64C-E82D3400D50B}.Release|x64.ActiveCfg = Release|x64
		{A10A46E4-D9C1-432B-A64C-E82D3400D50B}.Release|x64.Build.0 = Release|x64
		{A10A46E4-D9C1-432B-A64C-E82D3400D50B}.Release|x86.ActiveCfg = Release|Win32
		{A10A46E4-D9C1-432B-A64C-E82D3400D50B}.Release|x86.Build.0 = Release|Win32
		{B1917B04-8DCE-4A08-966D-729E362572ED}.Debug|x64.ActiveCfg = Debug|x64
		{B1917B04-8DCE-4A08-966D-729E362572ED}.Debug|x64.Build.0 = Debug|x64
		{B1917B04-8DCE-4A08-966D-729E362572ED}.Debug|x86.ActiveCfg = Debug|Win32
		{B1917B04-8DCE-4A08-966D-729E362572ED}.Debug|x86.Build.0 = Debug|Win32
		{B1917B04-8DCE-4A08-966D-729E362572ED}.Release|x64.ActiveCfg = Release|x64
		{B1917B04-8DCE-4A08-966D-729E362572ED}.Release|x64.Build.0 = Release|x64
		{B1917B04-8DCE-4A08-966D-729E362572ED}.Release|x86.ActiveCfg = Release|Win32
		{B1917B04-8DCE-4A08-966D-729E362572ED}.Release|x86.Build.0 = Release|Win32
		{D9A032EE-970B-42C1-9C31-0E9B6A6BF556}.Debug|x64.ActiveCfg = Debug|x64
		{D9A032EE-970B-42C1-9C31-0E9B6A6BF556}.Debug|x64.Build.0 = Debug|x64
		{D9A032EE-970B-42C1-9C31-0E9B6A6BF556}.Debug|x86.ActiveCfg = Debug|Win32
		{D9A032EE-970B-42C1-9C31-0E9B6A6BF556}.Debug|x86.Build.0 = Debug|Win32
		{D9A032EE-970B-42C1-9C31-0E9B6A6BF556}.Release|x64.ActiveCfg = Release|x64
		{D9A032EE-970B-42C1-9C31-0E9B6A6BF556}.Release|x64.Build.0 = Release|x64
		{D9A032EE-970B-42C1-9C31-0E9B6A6BF556}.Release|x86.ActiveCfg = Release|Win32
		{D9A032EE-970B-42C1-9C31-0E9B6A6BF556}.Release|x86.Build.0 = Release|Win32
		{EE81B0B4-007A-4B89-95F2-C305473F4EEC}.Debug|x64.ActiveCfg = Debug|x64
		{EE81B0B4-007A-4B89-95F2-C305473F4EEC}.Debug|x64.Build.0 = Debug|x64
		{EE81B0B4-007A-4B89-95F2-C305473F4EEC}.Debug|x86.ActiveCfg = Debug|Win32
		{EE81B0B4-007A-4B89-95F2-C305473F4EEC}.Debug|x86.Build.0 = Debug|Win32
		{EE81B0B4-007A-4B89-95F2-C305473F4EEC}.Release|x64.ActiveCfg = Release|x64
		{EE81B0B4-007A-4B89-95F2-C305473F4EEC}.Release|x64.Build.0 = Release|x64
		{EE81B0B4-007A-4B89-95F2-C305473F4EEC}.Release|x86.ActiveCfg = Release|Win32
		{EE81B0B4-007A-4B89-95F2-C305473F4EEC}.Release|x86.Build.0 = Release|Win32
	EndGlobalSection
	GlobalSection(SolutionProperties) = preSolution
		HideSolutionNode = FALSE
	EndGlobalSection
	GlobalSection(ExtensibilityGlobals) = postSolution
		SolutionGuid = {CE7BBEA9-429E-4D89-833C-C5B5172609EC}
	EndGlobalSection
EndGlobal
